PODS:
  - CodableFirebase (0.2.0)
  - Cuckoo (0.11.3)
  - Firebase/Auth (5.2.0):
    - Firebase/CoreOnly
    - FirebaseAuth (= 5.0.1)
  - Firebase/Core (5.2.0):
    - Firebase/CoreOnly
    - FirebaseAnalytics (= 5.0.1)
  - Firebase/CoreOnly (5.2.0):
    - FirebaseCore (= 5.0.3)
  - Firebase/Database (5.2.0):
    - Firebase/CoreOnly
    - FirebaseDatabase (= 5.0.1)
  - Firebase/Messaging (5.2.0):
    - Firebase/CoreOnly
    - FirebaseMessaging (= 3.0.2)
  - FirebaseAnalytics (5.0.1):
    - FirebaseCore (~> 5.0)
    - FirebaseInstanceID (~> 3.0)
    - "GoogleToolboxForMac/NSData+zlib (~> 2.1)"
    - nanopb (~> 0.3)
  - FirebaseAuth (5.0.1):
    - FirebaseCore (~> 5.0)
    - GTMSessionFetcher/Core (~> 1.1)
  - FirebaseCore (5.0.3):
    - "GoogleToolboxForMac/NSData+zlib (~> 2.1)"
  - FirebaseDatabase (5.0.1):
    - FirebaseCore (~> 5.0)
    - leveldb-library (~> 1.18)
  - FirebaseInstanceID (3.1.0):
    - FirebaseCore (~> 5.0)
  - FirebaseMessaging (3.0.2):
    - FirebaseCore (~> 5.0)
    - FirebaseInstanceID (~> 3.0)
    - GoogleToolboxForMac/Logger (~> 2.1)
    - Protobuf (~> 3.1)
  - GoogleToolboxForMac/Defines (2.1.4)
  - GoogleToolboxForMac/Logger (2.1.4):
    - GoogleToolboxForMac/Defines (= 2.1.4)
  - "GoogleToolboxForMac/NSData+zlib (2.1.4)":
    - GoogleToolboxForMac/Defines (= 2.1.4)
  - GTMSessionFetcher/Core (1.1.15)
  - HyperioniOS/AttributesInspector (1.0.2):
    - HyperioniOS/Core
  - HyperioniOS/Core (1.0.2)
  - leveldb-library (1.20)
  - LicensePlist (1.8.3)
  - nanopb (0.3.8):
    - nanopb/decode (= 0.3.8)
    - nanopb/encode (= 0.3.8)
  - nanopb/decode (0.3.8)
  - nanopb/encode (0.3.8)
  - Nimble (7.1.2)
  - PromisesObjC (1.2.2)
  - PromisesSwift (1.2.2):
    - PromisesObjC (= 1.2.2)
  - Protobuf (3.6.0)
  - Quick (1.3.0)
  - R.swift (4.0.0):
    - R.swift.Library (~> 4.0.0)
  - R.swift.Library (4.0.0)
  - SVProgressHUD (2.2.5)
  - SwiftFormat/CLI (0.33.7)
  - SwiftLint (0.25.1)

DEPENDENCIES:
  - CodableFirebase
  - Cuckoo (from `https://github.com/Brightify/Cuckoo.git`, branch `master`)
  - Firebase/Auth
  - Firebase/Core
  - Firebase/Database
  - Firebase/Messaging
  - HyperioniOS/AttributesInspector
  - HyperioniOS/Core
  - LicensePlist
  - Nimble
  - PromisesSwift (~> 1.0)
  - Quick
  - R.swift
  - SVProgressHUD
  - SwiftFormat/CLI
  - SwiftLint

SPEC REPOS:
  https://github.com/cocoapods/specs.git:
    - CodableFirebase
    - Firebase
    - FirebaseAnalytics
    - FirebaseAuth
    - FirebaseCore
    - FirebaseDatabase
    - FirebaseInstanceID
    - FirebaseMessaging
    - GoogleToolboxForMac
    - GTMSessionFetcher
    - HyperioniOS
    - leveldb-library
    - LicensePlist
    - nanopb
    - Nimble
    - PromisesObjC
    - PromisesSwift
    - Protobuf
    - Quick
    - R.swift
    - R.swift.Library
    - SVProgressHUD
    - SwiftFormat
    - SwiftLint

EXTERNAL SOURCES:
  Cuckoo:
    :branch: master
    :git: https://github.com/Brightify/Cuckoo.git

CHECKOUT OPTIONS:
  Cuckoo:
    :commit: 0a5c4f7f1d9d56e57e81a9854e5b572ba1186350
    :git: https://github.com/Brightify/Cuckoo.git

SPEC CHECKSUMS:
  CodableFirebase: 4b865f58c583a6c0ef8c81c6b12c6bf15ebd9181
  Cuckoo: 97522dd7ac6f18adba6022bdc74aa69e82ca691a
  Firebase: 25ed0412036d7d008568d1fb4d2e9d81ea8a0a2c
  FirebaseAnalytics: b3628aea54c50464c32c393fb2ea032566e7ecc2
  FirebaseAuth: 463b8ce33bd5d05f706dcd4615499e3212b4132b
  FirebaseCore: a3c87242451633fff8490183898075ce77d168d2
  FirebaseDatabase: 482bad9c2abd422bb2321194fb8c937e67426a89
  FirebaseInstanceID: 05d779cbb97bd5bd5c51a38a903fc9cfe1b2454a
  FirebaseMessaging: 6894b8fe0a0cf26c3b13dad729f1131654ae0bdb
  GoogleToolboxForMac: 91c824d21e85b31c2aae9bb011c5027c9b4e738f
  GTMSessionFetcher: 5fa5b80fd20e439ef5f545fb2cb3ca6c6714caa2
  HyperioniOS: 2397937925b2d57ec28182ac979879b0da2658ee
  leveldb-library: 08cba283675b7ed2d99629a4bc5fd052cd2bb6a5
  LicensePlist: 3fda61ebe060afc8fc6d995df34a91401af5a244
  nanopb: 5601e6bca2dbf1ed831b519092ec110f66982ca3
  Nimble: 3835ba9f459daa6b347f8a8e110aaae8ca1920a8
  PromisesObjC: 3db4112f796a05782b4442364748f9126fea0b88
  PromisesSwift: a87c9b5fba61711bce16ac11d8d8bf96fc93fde0
  Protobuf: 0fc0ad8bec688b2a3017a139953e01374fedbd5f
  Quick: 03278013f71aa05fe9ecabc94fbcc6835f1ee76f
  R.swift: d6a5ec2f55a8441dc0ed9f1f8b37d7d11ae85c66
  R.swift.Library: c3af34921024333546e23b70e70d0b4e0cffca75
  SVProgressHUD: 1428aafac632c1f86f62aa4243ec12008d7a51d6
  SwiftFormat: 2e9b261a2ded97bc2aff2710c9826c6548a45bdb
  SwiftLint: ce933681be10c3266e82576dad676fa815a602e9

PODFILE CHECKSUM: b57e80a7b3214ab10cb8c1a05a8be34e1c0db513

COCOAPODS: 1.5.3
