PODS:
  - CodableFirebase (0.0.7)
  - Cuckoo (0.11.0)
  - Firebase/Auth (4.9.0):
    - Firebase/Core
    - FirebaseAuth (= 4.4.3)
  - Firebase/Core (4.9.0):
    - FirebaseAnalytics (= 4.0.9)
    - FirebaseCore (= 4.0.15)
  - Firebase/Database (4.9.0):
    - Firebase/Core
    - FirebaseDatabase (= 4.1.4)
  - FirebaseAnalytics (4.0.9):
    - FirebaseCore (~> 4.0)
    - FirebaseInstanceID (~> 2.0)
    - GoogleToolboxForMac/NSData+zlib (~> 2.1)
    - nanopb (~> 0.3)
  - FirebaseAuth (4.4.3):
    - FirebaseAnalytics (~> 4.0)
    - GoogleToolboxForMac/NSDictionary+URLArguments (~> 2.1)
    - GTMSessionFetcher/Core (~> 1.1)
  - FirebaseCore (4.0.15):
    - GoogleToolboxForMac/NSData+zlib (~> 2.1)
  - FirebaseDatabase (4.1.4):
    - FirebaseAnalytics (~> 4.0)
    - FirebaseCore (~> 4.0)
    - leveldb-library (~> 1.18)
  - FirebaseInstanceID (2.0.9):
    - FirebaseCore (~> 4.0)
  - GoogleToolboxForMac/DebugUtils (2.1.3):
    - GoogleToolboxForMac/Defines (= 2.1.3)
  - GoogleToolboxForMac/Defines (2.1.3)
  - GoogleToolboxForMac/NSData+zlib (2.1.3):
    - GoogleToolboxForMac/Defines (= 2.1.3)
  - GoogleToolboxForMac/NSDictionary+URLArguments (2.1.3):
    - GoogleToolboxForMac/DebugUtils (= 2.1.3)
    - GoogleToolboxForMac/Defines (= 2.1.3)
    - GoogleToolboxForMac/NSString+URLArguments (= 2.1.3)
  - GoogleToolboxForMac/NSString+URLArguments (2.1.3)
  - GTMSessionFetcher/Core (1.1.13)
  - leveldb-library (1.20)
  - nanopb (0.3.8):
    - nanopb/decode (= 0.3.8)
    - nanopb/encode (= 0.3.8)
  - nanopb/decode (0.3.8)
  - nanopb/encode (0.3.8)
  - Nimble (7.0.3)
  - PromisesObjC (1.0.3)
  - PromisesSwift (1.0.3):
    - PromisesObjC (= 1.0.3)
  - Quick (1.2.0)
  - R.swift (4.0.0):
    - R.swift.Library (~> 4.0.0)
  - R.swift.Library (4.0.0)
  - SVProgressHUD (2.2.5)
  - SwiftFormat/CLI (0.33.3)
  - SwiftLint (0.25.0)

DEPENDENCIES:
  - CodableFirebase
  - Cuckoo (from `https://github.com/Brightify/Cuckoo.git`, branch `master`)
  - Firebase/Auth
  - Firebase/Core
  - Firebase/Database
  - Nimble
  - PromisesSwift (~> 1.0)
  - Quick
  - R.swift
  - SVProgressHUD
  - SwiftFormat/CLI
  - SwiftLint

EXTERNAL SOURCES:
  Cuckoo:
    :branch: master
    :git: https://github.com/Brightify/Cuckoo.git

CHECKOUT OPTIONS:
  Cuckoo:
    :commit: f5093adcae11b54d891b9ef9ebbeb0f2300233c2
    :git: https://github.com/Brightify/Cuckoo.git

SPEC CHECKSUMS:
  CodableFirebase: 090c5b4c9ad67c9f4fddc3b00d168ec38cad3b14
  Cuckoo: 8b52764c70febbb16ea35b6ae1b568a59b06231b
  Firebase: 632216af3ed7f31e3be34776947fdc7546cfb572
  FirebaseAnalytics: 388b630c15713f5dbf364071f5f3d6077fb52f4e
  FirebaseAuth: aaaf68d5064a6c8fec435758f83a43b8db26ccaa
  FirebaseCore: 3bd047463058fa6b5d312c97502c52e45401cdfb
  FirebaseDatabase: de4446507ccd3257fca37d16f40e1540324571fd
  FirebaseInstanceID: d2058a35e9bebda1b6dd42486b84917bde552a9d
  GoogleToolboxForMac: 2501e2ad72a52eb3dfe7bd9aee7dad11b858bd20
  GTMSessionFetcher: 5bb1eae636127de695590f50e7d248483eb891e6
  leveldb-library: 08cba283675b7ed2d99629a4bc5fd052cd2bb6a5
  nanopb: 5601e6bca2dbf1ed831b519092ec110f66982ca3
  Nimble: 7f5a9c447a33002645a071bddafbfb24ea70e0ac
  PromisesObjC: 9b58f509a9dc23d9a3f01b6aeb2cb9416ade3d41
  PromisesSwift: fec7ae00af032da2ba3172c8a5468ad9bbf83160
  Quick: 58d203b1c5e27fff7229c4c1ae445ad7069a7a08
  R.swift: d6a5ec2f55a8441dc0ed9f1f8b37d7d11ae85c66
  R.swift.Library: c3af34921024333546e23b70e70d0b4e0cffca75
  SVProgressHUD: 1428aafac632c1f86f62aa4243ec12008d7a51d6
  SwiftFormat: 28c60c6f7a67f67eab2f44221105c6073cb31eac
  SwiftLint: e14651157288e9e01d6e1a71db7014fb5744a8ea

PODFILE CHECKSUM: bfae1ed0670af3c42a319c58e4f34f4d92febc0f

COCOAPODS: 1.4.0
