// !$*UTF8*$!
{
	archiveVersion = 1;
	classes = {
	};
	objectVersion = 50;
	objects = {

/* Begin PBXBuildFile section */
		568EE456A22D09E4A685D6B2 /* Pods_MVPSample.framework in Frameworks */ = {isa = PBXBuildFile; fileRef = F619D056B69CFA6874FBE58B /* Pods_MVPSample.framework */; };
		5D035C28968F6D855EA5B4AA /* Pods_MVPSampleUITests.framework in Frameworks */ = {isa = PBXBuildFile; fileRef = 603A498920923476BB152789 /* Pods_MVPSampleUITests.framework */; };
		701367BB2031A13500B0CFFF /* AppDelegate.swift in Sources */ = {isa = PBXBuildFile; fileRef = 701367BA2031A13500B0CFFF /* AppDelegate.swift */; };
		701367C02031A13500B0CFFF /* Main.storyboard in Resources */ = {isa = PBXBuildFile; fileRef = 701367BE2031A13500B0CFFF /* Main.storyboard */; };
		701367C22031A14000B0CFFF /* Assets.xcassets in Resources */ = {isa = PBXBuildFile; fileRef = 701367C12031A14000B0CFFF /* Assets.xcassets */; };
		701367C52031A14000B0CFFF /* LaunchScreen.storyboard in Resources */ = {isa = PBXBuildFile; fileRef = 701367C32031A14000B0CFFF /* LaunchScreen.storyboard */; };
		701367DB2031A14100B0CFFF /* MVPSampleUITests.swift in Sources */ = {isa = PBXBuildFile; fileRef = 701367DA2031A14100B0CFFF /* MVPSampleUITests.swift */; };
		701367E92031A53B00B0CFFF /* LoginViewController.swift in Sources */ = {isa = PBXBuildFile; fileRef = 701367E82031A53B00B0CFFF /* LoginViewController.swift */; };
		701367EB2031AC1D00B0CFFF /* GoogleService-Info.plist in Resources */ = {isa = PBXBuildFile; fileRef = 701367EA2031AC1D00B0CFFF /* GoogleService-Info.plist */; };
		70651B59203262A7005FFFBF /* TodoAddViewController.swift in Sources */ = {isa = PBXBuildFile; fileRef = 70651B58203262A7005FFFBF /* TodoAddViewController.swift */; };
		70C9EC902031BB44004F4569 /* TodoListViewController.swift in Sources */ = {isa = PBXBuildFile; fileRef = 70C9EC8F2031BB44004F4569 /* TodoListViewController.swift */; };
		70DFDAB82031CB8400DE2F7D /* UIViewController+.swift in Sources */ = {isa = PBXBuildFile; fileRef = 70DFDAB72031CB8300DE2F7D /* UIViewController+.swift */; };
		A830BB6B4319AC1C920D309A /* Pods_MVPSampleTests.framework in Frameworks */ = {isa = PBXBuildFile; fileRef = C435C4B8E0D93346EDB5407F /* Pods_MVPSampleTests.framework */; };
		E50CCEC820386305009E7F9E /* Firebase+.swift in Sources */ = {isa = PBXBuildFile; fileRef = E50CCEC720386305009E7F9E /* Firebase+.swift */; };
		E50CCECD203867C2009E7F9E /* Authentication.swift in Sources */ = {isa = PBXBuildFile; fileRef = E50CCECC203867C2009E7F9E /* Authentication.swift */; };
		E50CCED020386889009E7F9E /* LoginPresenter.swift in Sources */ = {isa = PBXBuildFile; fileRef = E50CCECF20386889009E7F9E /* LoginPresenter.swift */; };
		E50CCED3203868CA009E7F9E /* Result.swift in Sources */ = {isa = PBXBuildFile; fileRef = E50CCED2203868CA009E7F9E /* Result.swift */; };
		E50CCED520386948009E7F9E /* TodoListPresenter.swift in Sources */ = {isa = PBXBuildFile; fileRef = E50CCED420386948009E7F9E /* TodoListPresenter.swift */; };
		E50CCED720386A93009E7F9E /* TodoList.swift in Sources */ = {isa = PBXBuildFile; fileRef = E50CCED620386A93009E7F9E /* TodoList.swift */; };
		E50CCED920386B5D009E7F9E /* TodoAddPresenter.swift in Sources */ = {isa = PBXBuildFile; fileRef = E50CCED820386B5D009E7F9E /* TodoAddPresenter.swift */; };
		E52CA46E203C7E1900B66671 /* MVPUser.swift in Sources */ = {isa = PBXBuildFile; fileRef = E52CA46D203C7E1900B66671 /* MVPUser.swift */; };
		E5D96EE620393055009314C8 /* Todo.swift in Sources */ = {isa = PBXBuildFile; fileRef = E5D96EE520393055009314C8 /* Todo.swift */; };
		E5E31E3A20398D6B00A9C90E /* AppContext.swift in Sources */ = {isa = PBXBuildFile; fileRef = E5E31E3920398D6B00A9C90E /* AppContext.swift */; };
		E5E31E3D2039917D00A9C90E /* R.generated.swift in Sources */ = {isa = PBXBuildFile; fileRef = E5E31E3C2039917D00A9C90E /* R.generated.swift */; };
		E5F84CF8203C6CE300105EAF /* AlertBuilder.swift in Sources */ = {isa = PBXBuildFile; fileRef = E5F84CF7203C6CE300105EAF /* AlertBuilder.swift */; };
		E5F84CFB203C715600105EAF /* LoginPresenterTests.swift in Sources */ = {isa = PBXBuildFile; fileRef = E5F84CFA203C715600105EAF /* LoginPresenterTests.swift */; };
/* End PBXBuildFile section */

/* Begin PBXContainerItemProxy section */
		701367CC2031A14100B0CFFF /* PBXContainerItemProxy */ = {
			isa = PBXContainerItemProxy;
			containerPortal = 701367AF2031A13500B0CFFF /* Project object */;
			proxyType = 1;
			remoteGlobalIDString = 701367B62031A13500B0CFFF;
			remoteInfo = MVPSample;
		};
		701367D72031A14100B0CFFF /* PBXContainerItemProxy */ = {
			isa = PBXContainerItemProxy;
			containerPortal = 701367AF2031A13500B0CFFF /* Project object */;
			proxyType = 1;
			remoteGlobalIDString = 701367B62031A13500B0CFFF;
			remoteInfo = MVPSample;
		};
/* End PBXContainerItemProxy section */

/* Begin PBXFileReference section */
		0AA3C56150DA4D9D202D4C3F /* Pods-MVPSampleTests.release.xcconfig */ = {isa = PBXFileReference; includeInIndex = 1; lastKnownFileType = text.xcconfig; name = "Pods-MVPSampleTests.release.xcconfig"; path = "Pods/Target Support Files/Pods-MVPSampleTests/Pods-MVPSampleTests.release.xcconfig"; sourceTree = "<group>"; };
		3AE815C81F662220CBF89F92 /* Pods-MVPSampleTests.debug.xcconfig */ = {isa = PBXFileReference; includeInIndex = 1; lastKnownFileType = text.xcconfig; name = "Pods-MVPSampleTests.debug.xcconfig"; path = "Pods/Target Support Files/Pods-MVPSampleTests/Pods-MVPSampleTests.debug.xcconfig"; sourceTree = "<group>"; };
		4D112122E8542FE09F3EA454 /* Pods-MVPSampleUITests.debug.xcconfig */ = {isa = PBXFileReference; includeInIndex = 1; lastKnownFileType = text.xcconfig; name = "Pods-MVPSampleUITests.debug.xcconfig"; path = "Pods/Target Support Files/Pods-MVPSampleUITests/Pods-MVPSampleUITests.debug.xcconfig"; sourceTree = "<group>"; };
		603A498920923476BB152789 /* Pods_MVPSampleUITests.framework */ = {isa = PBXFileReference; explicitFileType = wrapper.framework; includeInIndex = 0; path = Pods_MVPSampleUITests.framework; sourceTree = BUILT_PRODUCTS_DIR; };
		701367B72031A13500B0CFFF /* MVPSample.app */ = {isa = PBXFileReference; explicitFileType = wrapper.application; includeInIndex = 0; path = MVPSample.app; sourceTree = BUILT_PRODUCTS_DIR; };
		701367BA2031A13500B0CFFF /* AppDelegate.swift */ = {isa = PBXFileReference; lastKnownFileType = sourcecode.swift; path = AppDelegate.swift; sourceTree = "<group>"; };
		701367BF2031A13500B0CFFF /* Base */ = {isa = PBXFileReference; lastKnownFileType = file.storyboard; name = Base; path = Base.lproj/Main.storyboard; sourceTree = "<group>"; };
		701367C12031A14000B0CFFF /* Assets.xcassets */ = {isa = PBXFileReference; lastKnownFileType = folder.assetcatalog; path = Assets.xcassets; sourceTree = "<group>"; };
		701367C42031A14000B0CFFF /* Base */ = {isa = PBXFileReference; lastKnownFileType = file.storyboard; name = Base; path = Base.lproj/LaunchScreen.storyboard; sourceTree = "<group>"; };
		701367C62031A14000B0CFFF /* Info.plist */ = {isa = PBXFileReference; lastKnownFileType = text.plist.xml; path = Info.plist; sourceTree = "<group>"; };
		701367CB2031A14100B0CFFF /* MVPSampleTests.xctest */ = {isa = PBXFileReference; explicitFileType = wrapper.cfbundle; includeInIndex = 0; path = MVPSampleTests.xctest; sourceTree = BUILT_PRODUCTS_DIR; };
		701367D12031A14100B0CFFF /* Info.plist */ = {isa = PBXFileReference; lastKnownFileType = text.plist.xml; path = Info.plist; sourceTree = "<group>"; };
		701367D62031A14100B0CFFF /* MVPSampleUITests.xctest */ = {isa = PBXFileReference; explicitFileType = wrapper.cfbundle; includeInIndex = 0; path = MVPSampleUITests.xctest; sourceTree = BUILT_PRODUCTS_DIR; };
		701367DA2031A14100B0CFFF /* MVPSampleUITests.swift */ = {isa = PBXFileReference; lastKnownFileType = sourcecode.swift; path = MVPSampleUITests.swift; sourceTree = "<group>"; };
		701367DC2031A14100B0CFFF /* Info.plist */ = {isa = PBXFileReference; lastKnownFileType = text.plist.xml; path = Info.plist; sourceTree = "<group>"; };
		701367E82031A53B00B0CFFF /* LoginViewController.swift */ = {isa = PBXFileReference; lastKnownFileType = sourcecode.swift; path = LoginViewController.swift; sourceTree = "<group>"; };
		701367EA2031AC1D00B0CFFF /* GoogleService-Info.plist */ = {isa = PBXFileReference; fileEncoding = 4; lastKnownFileType = text.plist.xml; path = "GoogleService-Info.plist"; sourceTree = "<group>"; };
		70651B58203262A7005FFFBF /* TodoAddViewController.swift */ = {isa = PBXFileReference; lastKnownFileType = sourcecode.swift; path = TodoAddViewController.swift; sourceTree = "<group>"; };
		70C9EC8F2031BB44004F4569 /* TodoListViewController.swift */ = {isa = PBXFileReference; lastKnownFileType = sourcecode.swift; path = TodoListViewController.swift; sourceTree = "<group>"; };
		70DFDAB72031CB8300DE2F7D /* UIViewController+.swift */ = {isa = PBXFileReference; lastKnownFileType = sourcecode.swift; path = "UIViewController+.swift"; sourceTree = "<group>"; };
		7642EB0A2C430918D680740F /* Pods-MVPSampleUITests.release.xcconfig */ = {isa = PBXFileReference; includeInIndex = 1; lastKnownFileType = text.xcconfig; name = "Pods-MVPSampleUITests.release.xcconfig"; path = "Pods/Target Support Files/Pods-MVPSampleUITests/Pods-MVPSampleUITests.release.xcconfig"; sourceTree = "<group>"; };
		BF5D7F4D0BC9D5AF065B333B /* Pods-MVPSample.debug.xcconfig */ = {isa = PBXFileReference; includeInIndex = 1; lastKnownFileType = text.xcconfig; name = "Pods-MVPSample.debug.xcconfig"; path = "Pods/Target Support Files/Pods-MVPSample/Pods-MVPSample.debug.xcconfig"; sourceTree = "<group>"; };
		C435C4B8E0D93346EDB5407F /* Pods_MVPSampleTests.framework */ = {isa = PBXFileReference; explicitFileType = wrapper.framework; includeInIndex = 0; path = Pods_MVPSampleTests.framework; sourceTree = BUILT_PRODUCTS_DIR; };
		E50CCEC720386305009E7F9E /* Firebase+.swift */ = {isa = PBXFileReference; lastKnownFileType = sourcecode.swift; path = "Firebase+.swift"; sourceTree = "<group>"; };
		E50CCECC203867C2009E7F9E /* Authentication.swift */ = {isa = PBXFileReference; lastKnownFileType = sourcecode.swift; path = Authentication.swift; sourceTree = "<group>"; };
		E50CCECF20386889009E7F9E /* LoginPresenter.swift */ = {isa = PBXFileReference; lastKnownFileType = sourcecode.swift; path = LoginPresenter.swift; sourceTree = "<group>"; };
		E50CCED2203868CA009E7F9E /* Result.swift */ = {isa = PBXFileReference; lastKnownFileType = sourcecode.swift; path = Result.swift; sourceTree = "<group>"; };
		E50CCED420386948009E7F9E /* TodoListPresenter.swift */ = {isa = PBXFileReference; lastKnownFileType = sourcecode.swift; path = TodoListPresenter.swift; sourceTree = "<group>"; };
		E50CCED620386A93009E7F9E /* TodoList.swift */ = {isa = PBXFileReference; lastKnownFileType = sourcecode.swift; path = TodoList.swift; sourceTree = "<group>"; };
		E50CCED820386B5D009E7F9E /* TodoAddPresenter.swift */ = {isa = PBXFileReference; lastKnownFileType = sourcecode.swift; path = TodoAddPresenter.swift; sourceTree = "<group>"; };
		E52CA46D203C7E1900B66671 /* MVPUser.swift */ = {isa = PBXFileReference; lastKnownFileType = sourcecode.swift; path = MVPUser.swift; sourceTree = "<group>"; };
		E5D96EE520393055009314C8 /* Todo.swift */ = {isa = PBXFileReference; lastKnownFileType = sourcecode.swift; path = Todo.swift; sourceTree = "<group>"; };
		E5E31E3920398D6B00A9C90E /* AppContext.swift */ = {isa = PBXFileReference; lastKnownFileType = sourcecode.swift; path = AppContext.swift; sourceTree = "<group>"; };
		E5E31E3C2039917D00A9C90E /* R.generated.swift */ = {isa = PBXFileReference; fileEncoding = 4; lastKnownFileType = sourcecode.swift; path = R.generated.swift; sourceTree = "<group>"; };
		E5F84CF7203C6CE300105EAF /* AlertBuilder.swift */ = {isa = PBXFileReference; lastKnownFileType = sourcecode.swift; path = AlertBuilder.swift; sourceTree = "<group>"; };
		E5F84CFA203C715600105EAF /* LoginPresenterTests.swift */ = {isa = PBXFileReference; lastKnownFileType = sourcecode.swift; path = LoginPresenterTests.swift; sourceTree = "<group>"; };
		E7DBE106B9DB60A7E7154107 /* Pods-MVPSample.release.xcconfig */ = {isa = PBXFileReference; includeInIndex = 1; lastKnownFileType = text.xcconfig; name = "Pods-MVPSample.release.xcconfig"; path = "Pods/Target Support Files/Pods-MVPSample/Pods-MVPSample.release.xcconfig"; sourceTree = "<group>"; };
		F619D056B69CFA6874FBE58B /* Pods_MVPSample.framework */ = {isa = PBXFileReference; explicitFileType = wrapper.framework; includeInIndex = 0; path = Pods_MVPSample.framework; sourceTree = BUILT_PRODUCTS_DIR; };
/* End PBXFileReference section */

/* Begin PBXFrameworksBuildPhase section */
		701367B42031A13500B0CFFF /* Frameworks */ = {
			isa = PBXFrameworksBuildPhase;
			buildActionMask = 2147483647;
			files = (
				568EE456A22D09E4A685D6B2 /* Pods_MVPSample.framework in Frameworks */,
			);
			runOnlyForDeploymentPostprocessing = 0;
		};
		701367C82031A14100B0CFFF /* Frameworks */ = {
			isa = PBXFrameworksBuildPhase;
			buildActionMask = 2147483647;
			files = (
				A830BB6B4319AC1C920D309A /* Pods_MVPSampleTests.framework in Frameworks */,
			);
			runOnlyForDeploymentPostprocessing = 0;
		};
		701367D32031A14100B0CFFF /* Frameworks */ = {
			isa = PBXFrameworksBuildPhase;
			buildActionMask = 2147483647;
			files = (
				5D035C28968F6D855EA5B4AA /* Pods_MVPSampleUITests.framework in Frameworks */,
			);
			runOnlyForDeploymentPostprocessing = 0;
		};
/* End PBXFrameworksBuildPhase section */

/* Begin PBXGroup section */
		055A38D5D7A65928C823DDC2 /* Frameworks */ = {
			isa = PBXGroup;
			children = (
				F619D056B69CFA6874FBE58B /* Pods_MVPSample.framework */,
				C435C4B8E0D93346EDB5407F /* Pods_MVPSampleTests.framework */,
				603A498920923476BB152789 /* Pods_MVPSampleUITests.framework */,
			);
			name = Frameworks;
			sourceTree = "<group>";
		};
		701367AE2031A13500B0CFFF = {
			isa = PBXGroup;
			children = (
				701367B92031A13500B0CFFF /* MVPSample */,
				701367CE2031A14100B0CFFF /* MVPSampleTests */,
				701367D92031A14100B0CFFF /* MVPSampleUITests */,
				701367B82031A13500B0CFFF /* Products */,
				F6D61B99C079B190F3F089D1 /* Pods */,
				055A38D5D7A65928C823DDC2 /* Frameworks */,
				E5E31E3C2039917D00A9C90E /* R.generated.swift */,
			);
			sourceTree = "<group>";
		};
		701367B82031A13500B0CFFF /* Products */ = {
			isa = PBXGroup;
			children = (
				701367B72031A13500B0CFFF /* MVPSample.app */,
				701367CB2031A14100B0CFFF /* MVPSampleTests.xctest */,
				701367D62031A14100B0CFFF /* MVPSampleUITests.xctest */,
			);
			name = Products;
			sourceTree = "<group>";
		};
		701367B92031A13500B0CFFF /* MVPSample */ = {
			isa = PBXGroup;
			children = (
				E50CCEC9203866D1009E7F9E /* View */,
				E50CCECE20386852009E7F9E /* Presenter */,
				E50CCECB203867B0009E7F9E /* Model */,
				E52CA46C203C7DF700B66671 /* Entity */,
				E50CCED1203868B8009E7F9E /* Util */,
				70DFDAB62031CB7000DE2F7D /* Extensions */,
				E50CCECA20386700009E7F9E /* Resources */,
				701367BA2031A13500B0CFFF /* AppDelegate.swift */,
				E5E31E3920398D6B00A9C90E /* AppContext.swift */,
				701367C62031A14000B0CFFF /* Info.plist */,
			);
			path = MVPSample;
			sourceTree = "<group>";
		};
		701367CE2031A14100B0CFFF /* MVPSampleTests */ = {
			isa = PBXGroup;
			children = (
				E5F84CF9203C713900105EAF /* Presenter */,
				701367D12031A14100B0CFFF /* Info.plist */,
			);
			path = MVPSampleTests;
			sourceTree = "<group>";
		};
		701367D92031A14100B0CFFF /* MVPSampleUITests */ = {
			isa = PBXGroup;
			children = (
				701367DA2031A14100B0CFFF /* MVPSampleUITests.swift */,
				701367DC2031A14100B0CFFF /* Info.plist */,
			);
			path = MVPSampleUITests;
			sourceTree = "<group>";
		};
		70DFDAB62031CB7000DE2F7D /* Extensions */ = {
			isa = PBXGroup;
			children = (
				70DFDAB72031CB8300DE2F7D /* UIViewController+.swift */,
				E50CCEC720386305009E7F9E /* Firebase+.swift */,
			);
			path = Extensions;
			sourceTree = "<group>";
		};
		E50CCEC9203866D1009E7F9E /* View */ = {
			isa = PBXGroup;
			children = (
				701367E82031A53B00B0CFFF /* LoginViewController.swift */,
				70C9EC8F2031BB44004F4569 /* TodoListViewController.swift */,
				70651B58203262A7005FFFBF /* TodoAddViewController.swift */,
				701367BE2031A13500B0CFFF /* Main.storyboard */,
			);
			path = View;
			sourceTree = "<group>";
		};
		E50CCECA20386700009E7F9E /* Resources */ = {
			isa = PBXGroup;
			children = (
				701367C32031A14000B0CFFF /* LaunchScreen.storyboard */,
				701367C12031A14000B0CFFF /* Assets.xcassets */,
				701367EA2031AC1D00B0CFFF /* GoogleService-Info.plist */,
			);
			path = Resources;
			sourceTree = "<group>";
		};
		E50CCECB203867B0009E7F9E /* Model */ = {
			isa = PBXGroup;
			children = (
				E50CCECC203867C2009E7F9E /* Authentication.swift */,
				E50CCED620386A93009E7F9E /* TodoList.swift */,
			);
			path = Model;
			sourceTree = "<group>";
		};
		E50CCECE20386852009E7F9E /* Presenter */ = {
			isa = PBXGroup;
			children = (
				E50CCECF20386889009E7F9E /* LoginPresenter.swift */,
				E50CCED420386948009E7F9E /* TodoListPresenter.swift */,
				E50CCED820386B5D009E7F9E /* TodoAddPresenter.swift */,
			);
			path = Presenter;
			sourceTree = "<group>";
		};
		E50CCED1203868B8009E7F9E /* Util */ = {
			isa = PBXGroup;
			children = (
				E50CCED2203868CA009E7F9E /* Result.swift */,
				E5F84CF7203C6CE300105EAF /* AlertBuilder.swift */,
			);
			path = Util;
			sourceTree = "<group>";
		};
		E52CA46C203C7DF700B66671 /* Entity */ = {
			isa = PBXGroup;
			children = (
				E5D96EE520393055009314C8 /* Todo.swift */,
				E52CA46D203C7E1900B66671 /* MVPUser.swift */,
			);
			path = Entity;
			sourceTree = "<group>";
		};
		E5F84CF9203C713900105EAF /* Presenter */ = {
			isa = PBXGroup;
			children = (
				E5F84CFA203C715600105EAF /* LoginPresenterTests.swift */,
			);
			path = Presenter;
			sourceTree = "<group>";
		};
		F6D61B99C079B190F3F089D1 /* Pods */ = {
			isa = PBXGroup;
			children = (
				BF5D7F4D0BC9D5AF065B333B /* Pods-MVPSample.debug.xcconfig */,
				E7DBE106B9DB60A7E7154107 /* Pods-MVPSample.release.xcconfig */,
				3AE815C81F662220CBF89F92 /* Pods-MVPSampleTests.debug.xcconfig */,
				0AA3C56150DA4D9D202D4C3F /* Pods-MVPSampleTests.release.xcconfig */,
				4D112122E8542FE09F3EA454 /* Pods-MVPSampleUITests.debug.xcconfig */,
				7642EB0A2C430918D680740F /* Pods-MVPSampleUITests.release.xcconfig */,
			);
			name = Pods;
			sourceTree = "<group>";
		};
/* End PBXGroup section */

/* Begin PBXNativeTarget section */
		701367B62031A13500B0CFFF /* MVPSample */ = {
			isa = PBXNativeTarget;
			buildConfigurationList = 701367DF2031A14100B0CFFF /* Build configuration list for PBXNativeTarget "MVPSample" */;
			buildPhases = (
				5F57024ADA76383665516B2A /* [CP] Check Pods Manifest.lock */,
				2A5473AE20C11D1968390F49 /* [CP-User] 1. R.swift */,
				01CA209A88A47A496588CC77 /* [CP-User] 2. SwiftFormat */,
				8D12672CC7C5F3505AA2A284 /* [CP-User] 3. SwiftLint */,
				701367B32031A13500B0CFFF /* Sources */,
				701367B42031A13500B0CFFF /* Frameworks */,
				701367B52031A13500B0CFFF /* Resources */,
				8E606B10DAD059EBAED3B667 /* [CP] Embed Pods Frameworks */,
				C0542A51DBC3E458E44498CE /* [CP] Copy Pods Resources */,
			);
			buildRules = (
			);
			dependencies = (
			);
			name = MVPSample;
			productName = MVPSample;
			productReference = 701367B72031A13500B0CFFF /* MVPSample.app */;
			productType = "com.apple.product-type.application";
		};
		701367CA2031A14100B0CFFF /* MVPSampleTests */ = {
			isa = PBXNativeTarget;
			buildConfigurationList = 701367E22031A14100B0CFFF /* Build configuration list for PBXNativeTarget "MVPSampleTests" */;
			buildPhases = (
				594D62DA38F68C8181B576EF /* [CP] Check Pods Manifest.lock */,
				701367C72031A14100B0CFFF /* Sources */,
				701367C82031A14100B0CFFF /* Frameworks */,
				701367C92031A14100B0CFFF /* Resources */,
				7D2F67AAC6747294EA9BE678 /* [CP] Embed Pods Frameworks */,
				B039D7B30A61A375274E66EE /* [CP] Copy Pods Resources */,
			);
			buildRules = (
			);
			dependencies = (
				701367CD2031A14100B0CFFF /* PBXTargetDependency */,
			);
			name = MVPSampleTests;
			productName = MVPSampleTests;
			productReference = 701367CB2031A14100B0CFFF /* MVPSampleTests.xctest */;
			productType = "com.apple.product-type.bundle.unit-test";
		};
		701367D52031A14100B0CFFF /* MVPSampleUITests */ = {
			isa = PBXNativeTarget;
			buildConfigurationList = 701367E52031A14100B0CFFF /* Build configuration list for PBXNativeTarget "MVPSampleUITests" */;
			buildPhases = (
				ADB722443A8F0188FBD8C674 /* [CP] Check Pods Manifest.lock */,
				701367D22031A14100B0CFFF /* Sources */,
				701367D32031A14100B0CFFF /* Frameworks */,
				701367D42031A14100B0CFFF /* Resources */,
				EC1DD754895923C951F6EC5C /* [CP] Embed Pods Frameworks */,
				7686E47485DB0C0296A69599 /* [CP] Copy Pods Resources */,
			);
			buildRules = (
			);
			dependencies = (
				701367D82031A14100B0CFFF /* PBXTargetDependency */,
			);
			name = MVPSampleUITests;
			productName = MVPSampleUITests;
			productReference = 701367D62031A14100B0CFFF /* MVPSampleUITests.xctest */;
			productType = "com.apple.product-type.bundle.ui-testing";
		};
/* End PBXNativeTarget section */

/* Begin PBXProject section */
		701367AF2031A13500B0CFFF /* Project object */ = {
			isa = PBXProject;
			attributes = {
				LastSwiftUpdateCheck = 0930;
				LastUpgradeCheck = 0930;
				ORGANIZATIONNAME = Yusuke;
				TargetAttributes = {
					701367B62031A13500B0CFFF = {
						CreatedOnToolsVersion = 9.3;
					};
					701367CA2031A14100B0CFFF = {
						CreatedOnToolsVersion = 9.3;
						TestTargetID = 701367B62031A13500B0CFFF;
					};
					701367D52031A14100B0CFFF = {
						CreatedOnToolsVersion = 9.3;
						TestTargetID = 701367B62031A13500B0CFFF;
					};
				};
			};
			buildConfigurationList = 701367B22031A13500B0CFFF /* Build configuration list for PBXProject "MVPSample" */;
			compatibilityVersion = "Xcode 9.3";
			developmentRegion = en;
			hasScannedForEncodings = 0;
			knownRegions = (
				en,
				Base,
			);
			mainGroup = 701367AE2031A13500B0CFFF;
			productRefGroup = 701367B82031A13500B0CFFF /* Products */;
			projectDirPath = "";
			projectRoot = "";
			targets = (
				701367B62031A13500B0CFFF /* MVPSample */,
				701367CA2031A14100B0CFFF /* MVPSampleTests */,
				701367D52031A14100B0CFFF /* MVPSampleUITests */,
			);
		};
/* End PBXProject section */

/* Begin PBXResourcesBuildPhase section */
		701367B52031A13500B0CFFF /* Resources */ = {
			isa = PBXResourcesBuildPhase;
			buildActionMask = 2147483647;
			files = (
				701367C52031A14000B0CFFF /* LaunchScreen.storyboard in Resources */,
				701367EB2031AC1D00B0CFFF /* GoogleService-Info.plist in Resources */,
				701367C22031A14000B0CFFF /* Assets.xcassets in Resources */,
				701367C02031A13500B0CFFF /* Main.storyboard in Resources */,
			);
			runOnlyForDeploymentPostprocessing = 0;
		};
		701367C92031A14100B0CFFF /* Resources */ = {
			isa = PBXResourcesBuildPhase;
			buildActionMask = 2147483647;
			files = (
			);
			runOnlyForDeploymentPostprocessing = 0;
		};
		701367D42031A14100B0CFFF /* Resources */ = {
			isa = PBXResourcesBuildPhase;
			buildActionMask = 2147483647;
			files = (
			);
			runOnlyForDeploymentPostprocessing = 0;
		};
/* End PBXResourcesBuildPhase section */

/* Begin PBXShellScriptBuildPhase section */
		01CA209A88A47A496588CC77 /* [CP-User] 2. SwiftFormat */ = {
			isa = PBXShellScriptBuildPhase;
			buildActionMask = 2147483647;
			files = (
			);
			inputPaths = (
			);
			name = "[CP-User] 2. SwiftFormat";
			outputPaths = (
			);
			runOnlyForDeploymentPostprocessing = 0;
			shellPath = /bin/sh;
			shellScript = "\"${PODS_ROOT}/SwiftFormat/CommandLineTool/swiftformat\" \"${SRCROOT}\"";
			showEnvVarsInLog = 0;
		};
		2A5473AE20C11D1968390F49 /* [CP-User] 1. R.swift */ = {
			isa = PBXShellScriptBuildPhase;
			buildActionMask = 2147483647;
			files = (
			);
			inputPaths = (
			);
			name = "[CP-User] 1. R.swift";
			outputPaths = (
			);
			runOnlyForDeploymentPostprocessing = 0;
			shellPath = /bin/sh;
			shellScript = "\"$PODS_ROOT/R.swift/rswift\" generate \"$SRCROOT\"";
			showEnvVarsInLog = 0;
		};
		594D62DA38F68C8181B576EF /* [CP] Check Pods Manifest.lock */ = {
			isa = PBXShellScriptBuildPhase;
			buildActionMask = 2147483647;
			files = (
			);
			inputPaths = (
				"${PODS_PODFILE_DIR_PATH}/Podfile.lock",
				"${PODS_ROOT}/Manifest.lock",
			);
			name = "[CP] Check Pods Manifest.lock";
			outputPaths = (
				"$(DERIVED_FILE_DIR)/Pods-MVPSampleTests-checkManifestLockResult.txt",
			);
			runOnlyForDeploymentPostprocessing = 0;
			shellPath = /bin/sh;
			shellScript = "diff \"${PODS_PODFILE_DIR_PATH}/Podfile.lock\" \"${PODS_ROOT}/Manifest.lock\" > /dev/null\nif [ $? != 0 ] ; then\n    # print error to STDERR\n    echo \"error: The sandbox is not in sync with the Podfile.lock. Run 'pod install' or update your CocoaPods installation.\" >&2\n    exit 1\nfi\n# This output is used by Xcode 'outputs' to avoid re-running this script phase.\necho \"SUCCESS\" > \"${SCRIPT_OUTPUT_FILE_0}\"\n";
			showEnvVarsInLog = 0;
		};
		5F57024ADA76383665516B2A /* [CP] Check Pods Manifest.lock */ = {
			isa = PBXShellScriptBuildPhase;
			buildActionMask = 2147483647;
			files = (
			);
			inputPaths = (
				"${PODS_PODFILE_DIR_PATH}/Podfile.lock",
				"${PODS_ROOT}/Manifest.lock",
			);
			name = "[CP] Check Pods Manifest.lock";
			outputPaths = (
				"$(DERIVED_FILE_DIR)/Pods-MVPSample-checkManifestLockResult.txt",
			);
			runOnlyForDeploymentPostprocessing = 0;
			shellPath = /bin/sh;
			shellScript = "diff \"${PODS_PODFILE_DIR_PATH}/Podfile.lock\" \"${PODS_ROOT}/Manifest.lock\" > /dev/null\nif [ $? != 0 ] ; then\n    # print error to STDERR\n    echo \"error: The sandbox is not in sync with the Podfile.lock. Run 'pod install' or update your CocoaPods installation.\" >&2\n    exit 1\nfi\n# This output is used by Xcode 'outputs' to avoid re-running this script phase.\necho \"SUCCESS\" > \"${SCRIPT_OUTPUT_FILE_0}\"\n";
			showEnvVarsInLog = 0;
		};
		7686E47485DB0C0296A69599 /* [CP] Copy Pods Resources */ = {
			isa = PBXShellScriptBuildPhase;
			buildActionMask = 2147483647;
			files = (
			);
			inputPaths = (
			);
			name = "[CP] Copy Pods Resources";
			outputPaths = (
			);
			runOnlyForDeploymentPostprocessing = 0;
			shellPath = /bin/sh;
			shellScript = "\"${SRCROOT}/Pods/Target Support Files/Pods-MVPSampleUITests/Pods-MVPSampleUITests-resources.sh\"\n";
			showEnvVarsInLog = 0;
		};
		7D2F67AAC6747294EA9BE678 /* [CP] Embed Pods Frameworks */ = {
			isa = PBXShellScriptBuildPhase;
			buildActionMask = 2147483647;
			files = (
			);
			inputPaths = (
			);
			name = "[CP] Embed Pods Frameworks";
			outputPaths = (
			);
			runOnlyForDeploymentPostprocessing = 0;
			shellPath = /bin/sh;
			shellScript = "\"${SRCROOT}/Pods/Target Support Files/Pods-MVPSampleTests/Pods-MVPSampleTests-frameworks.sh\"\n";
			showEnvVarsInLog = 0;
		};
		8D12672CC7C5F3505AA2A284 /* [CP-User] 3. SwiftLint */ = {
			isa = PBXShellScriptBuildPhase;
			buildActionMask = 2147483647;
			files = (
			);
			inputPaths = (
			);
			name = "[CP-User] 3. SwiftLint";
			outputPaths = (
			);
			runOnlyForDeploymentPostprocessing = 0;
			shellPath = /bin/sh;
			shellScript = "\"${PODS_ROOT}/SwiftLint/swiftlint\"";
			showEnvVarsInLog = 0;
		};
		8E606B10DAD059EBAED3B667 /* [CP] Embed Pods Frameworks */ = {
			isa = PBXShellScriptBuildPhase;
			buildActionMask = 2147483647;
			files = (
			);
			inputPaths = (
				"${SRCROOT}/Pods/Target Support Files/Pods-MVPSample/Pods-MVPSample-frameworks.sh",
				"${BUILT_PRODUCTS_DIR}/CodableFirebase/CodableFirebase.framework",
				"${BUILT_PRODUCTS_DIR}/GTMSessionFetcher/GTMSessionFetcher.framework",
				"${BUILT_PRODUCTS_DIR}/GoogleToolboxForMac/GoogleToolboxForMac.framework",
				"${BUILT_PRODUCTS_DIR}/PromisesObjC/FBLPromises.framework",
				"${BUILT_PRODUCTS_DIR}/PromisesSwift/Promises.framework",
				"${BUILT_PRODUCTS_DIR}/R.swift.Library/Rswift.framework",
				"${BUILT_PRODUCTS_DIR}/SVProgressHUD/SVProgressHUD.framework",
				"${BUILT_PRODUCTS_DIR}/leveldb-library/leveldb.framework",
				"${BUILT_PRODUCTS_DIR}/nanopb/nanopb.framework",
			);
			name = "[CP] Embed Pods Frameworks";
			outputPaths = (
				"${TARGET_BUILD_DIR}/${FRAMEWORKS_FOLDER_PATH}/CodableFirebase.framework",
				"${TARGET_BUILD_DIR}/${FRAMEWORKS_FOLDER_PATH}/GTMSessionFetcher.framework",
				"${TARGET_BUILD_DIR}/${FRAMEWORKS_FOLDER_PATH}/GoogleToolboxForMac.framework",
				"${TARGET_BUILD_DIR}/${FRAMEWORKS_FOLDER_PATH}/FBLPromises.framework",
				"${TARGET_BUILD_DIR}/${FRAMEWORKS_FOLDER_PATH}/Promises.framework",
				"${TARGET_BUILD_DIR}/${FRAMEWORKS_FOLDER_PATH}/Rswift.framework",
				"${TARGET_BUILD_DIR}/${FRAMEWORKS_FOLDER_PATH}/SVProgressHUD.framework",
				"${TARGET_BUILD_DIR}/${FRAMEWORKS_FOLDER_PATH}/leveldb.framework",
				"${TARGET_BUILD_DIR}/${FRAMEWORKS_FOLDER_PATH}/nanopb.framework",
			);
			runOnlyForDeploymentPostprocessing = 0;
			shellPath = /bin/sh;
			shellScript = "\"${SRCROOT}/Pods/Target Support Files/Pods-MVPSample/Pods-MVPSample-frameworks.sh\"\n";
			showEnvVarsInLog = 0;
		};
		ADB722443A8F0188FBD8C674 /* [CP] Check Pods Manifest.lock */ = {
			isa = PBXShellScriptBuildPhase;
			buildActionMask = 2147483647;
			files = (
			);
			inputPaths = (
				"${PODS_PODFILE_DIR_PATH}/Podfile.lock",
				"${PODS_ROOT}/Manifest.lock",
			);
			name = "[CP] Check Pods Manifest.lock";
			outputPaths = (
				"$(DERIVED_FILE_DIR)/Pods-MVPSampleUITests-checkManifestLockResult.txt",
			);
			runOnlyForDeploymentPostprocessing = 0;
			shellPath = /bin/sh;
			shellScript = "diff \"${PODS_PODFILE_DIR_PATH}/Podfile.lock\" \"${PODS_ROOT}/Manifest.lock\" > /dev/null\nif [ $? != 0 ] ; then\n    # print error to STDERR\n    echo \"error: The sandbox is not in sync with the Podfile.lock. Run 'pod install' or update your CocoaPods installation.\" >&2\n    exit 1\nfi\n# This output is used by Xcode 'outputs' to avoid re-running this script phase.\necho \"SUCCESS\" > \"${SCRIPT_OUTPUT_FILE_0}\"\n";
			showEnvVarsInLog = 0;
		};
		B039D7B30A61A375274E66EE /* [CP] Copy Pods Resources */ = {
			isa = PBXShellScriptBuildPhase;
			buildActionMask = 2147483647;
			files = (
			);
			inputPaths = (
			);
			name = "[CP] Copy Pods Resources";
			outputPaths = (
			);
			runOnlyForDeploymentPostprocessing = 0;
			shellPath = /bin/sh;
			shellScript = "\"${SRCROOT}/Pods/Target Support Files/Pods-MVPSampleTests/Pods-MVPSampleTests-resources.sh\"\n";
			showEnvVarsInLog = 0;
		};
		C0542A51DBC3E458E44498CE /* [CP] Copy Pods Resources */ = {
			isa = PBXShellScriptBuildPhase;
			buildActionMask = 2147483647;
			files = (
			);
			inputPaths = (
			);
			name = "[CP] Copy Pods Resources";
			outputPaths = (
			);
			runOnlyForDeploymentPostprocessing = 0;
			shellPath = /bin/sh;
			shellScript = "\"${SRCROOT}/Pods/Target Support Files/Pods-MVPSample/Pods-MVPSample-resources.sh\"\n";
			showEnvVarsInLog = 0;
		};
		EC1DD754895923C951F6EC5C /* [CP] Embed Pods Frameworks */ = {
			isa = PBXShellScriptBuildPhase;
			buildActionMask = 2147483647;
			files = (
			);
			inputPaths = (
			);
			name = "[CP] Embed Pods Frameworks";
			outputPaths = (
			);
			runOnlyForDeploymentPostprocessing = 0;
			shellPath = /bin/sh;
			shellScript = "\"${SRCROOT}/Pods/Target Support Files/Pods-MVPSampleUITests/Pods-MVPSampleUITests-frameworks.sh\"\n";
			showEnvVarsInLog = 0;
		};
/* End PBXShellScriptBuildPhase section */

/* Begin PBXSourcesBuildPhase section */
		701367B32031A13500B0CFFF /* Sources */ = {
			isa = PBXSourcesBuildPhase;
			buildActionMask = 2147483647;
			files = (
				E50CCED920386B5D009E7F9E /* TodoAddPresenter.swift in Sources */,
				E50CCED3203868CA009E7F9E /* Result.swift in Sources */,
				E5E31E3D2039917D00A9C90E /* R.generated.swift in Sources */,
				E50CCED720386A93009E7F9E /* TodoList.swift in Sources */,
				E5E31E3A20398D6B00A9C90E /* AppContext.swift in Sources */,
				E50CCED020386889009E7F9E /* LoginPresenter.swift in Sources */,
				E50CCED520386948009E7F9E /* TodoListPresenter.swift in Sources */,
				E50CCECD203867C2009E7F9E /* Authentication.swift in Sources */,
				E50CCEC820386305009E7F9E /* Firebase+.swift in Sources */,
				70651B59203262A7005FFFBF /* TodoAddViewController.swift in Sources */,
				70C9EC902031BB44004F4569 /* TodoListViewController.swift in Sources */,
				E52CA46E203C7E1900B66671 /* MVPUser.swift in Sources */,
				701367E92031A53B00B0CFFF /* LoginViewController.swift in Sources */,
				E5F84CF8203C6CE300105EAF /* AlertBuilder.swift in Sources */,
				70DFDAB82031CB8400DE2F7D /* UIViewController+.swift in Sources */,
				E5D96EE620393055009314C8 /* Todo.swift in Sources */,
				701367BB2031A13500B0CFFF /* AppDelegate.swift in Sources */,
			);
			runOnlyForDeploymentPostprocessing = 0;
		};
		701367C72031A14100B0CFFF /* Sources */ = {
			isa = PBXSourcesBuildPhase;
			buildActionMask = 2147483647;
			files = (
				E5F84CFB203C715600105EAF /* LoginPresenterTests.swift in Sources */,
			);
			runOnlyForDeploymentPostprocessing = 0;
		};
		701367D22031A14100B0CFFF /* Sources */ = {
			isa = PBXSourcesBuildPhase;
			buildActionMask = 2147483647;
			files = (
				701367DB2031A14100B0CFFF /* MVPSampleUITests.swift in Sources */,
			);
			runOnlyForDeploymentPostprocessing = 0;
		};
/* End PBXSourcesBuildPhase section */

/* Begin PBXTargetDependency section */
		701367CD2031A14100B0CFFF /* PBXTargetDependency */ = {
			isa = PBXTargetDependency;
			target = 701367B62031A13500B0CFFF /* MVPSample */;
			targetProxy = 701367CC2031A14100B0CFFF /* PBXContainerItemProxy */;
		};
		701367D82031A14100B0CFFF /* PBXTargetDependency */ = {
			isa = PBXTargetDependency;
			target = 701367B62031A13500B0CFFF /* MVPSample */;
			targetProxy = 701367D72031A14100B0CFFF /* PBXContainerItemProxy */;
		};
/* End PBXTargetDependency section */

/* Begin PBXVariantGroup section */
		701367BE2031A13500B0CFFF /* Main.storyboard */ = {
			isa = PBXVariantGroup;
			children = (
				701367BF2031A13500B0CFFF /* Base */,
			);
			name = Main.storyboard;
			sourceTree = "<group>";
		};
		701367C32031A14000B0CFFF /* LaunchScreen.storyboard */ = {
			isa = PBXVariantGroup;
			children = (
				701367C42031A14000B0CFFF /* Base */,
			);
			name = LaunchScreen.storyboard;
			sourceTree = "<group>";
		};
/* End PBXVariantGroup section */

/* Begin XCBuildConfiguration section */
		701367DD2031A14100B0CFFF /* Debug */ = {
			isa = XCBuildConfiguration;
			buildSettings = {
				ALWAYS_SEARCH_USER_PATHS = NO;
				CLANG_ANALYZER_NONNULL = YES;
				CLANG_ANALYZER_NUMBER_OBJECT_CONVERSION = YES_AGGRESSIVE;
				CLANG_CXX_LANGUAGE_STANDARD = "gnu++14";
				CLANG_CXX_LIBRARY = "libc++";
				CLANG_ENABLE_MODULES = YES;
				CLANG_ENABLE_OBJC_ARC = YES;
				CLANG_ENABLE_OBJC_WEAK = YES;
				CLANG_WARN_BLOCK_CAPTURE_AUTORELEASING = YES;
				CLANG_WARN_BOOL_CONVERSION = YES;
				CLANG_WARN_COMMA = YES;
				CLANG_WARN_CONSTANT_CONVERSION = YES;
				CLANG_WARN_DEPRECATED_OBJC_IMPLEMENTATIONS = YES;
				CLANG_WARN_DIRECT_OBJC_ISA_USAGE = YES_ERROR;
				CLANG_WARN_DOCUMENTATION_COMMENTS = YES;
				CLANG_WARN_EMPTY_BODY = YES;
				CLANG_WARN_ENUM_CONVERSION = YES;
				CLANG_WARN_INFINITE_RECURSION = YES;
				CLANG_WARN_INT_CONVERSION = YES;
				CLANG_WARN_NON_LITERAL_NULL_CONVERSION = YES;
				CLANG_WARN_OBJC_IMPLICIT_RETAIN_SELF = YES;
				CLANG_WARN_OBJC_LITERAL_CONVERSION = YES;
				CLANG_WARN_OBJC_ROOT_CLASS = YES_ERROR;
				CLANG_WARN_RANGE_LOOP_ANALYSIS = YES;
				CLANG_WARN_STRICT_PROTOTYPES = YES;
				CLANG_WARN_SUSPICIOUS_MOVE = YES;
				CLANG_WARN_UNGUARDED_AVAILABILITY = YES_AGGRESSIVE;
				CLANG_WARN_UNREACHABLE_CODE = YES;
				CLANG_WARN__DUPLICATE_METHOD_MATCH = YES;
				CODE_SIGN_IDENTITY = "iPhone Developer";
				COPY_PHASE_STRIP = NO;
				DEBUG_INFORMATION_FORMAT = dwarf;
				ENABLE_STRICT_OBJC_MSGSEND = YES;
				ENABLE_TESTABILITY = YES;
				GCC_C_LANGUAGE_STANDARD = gnu11;
				GCC_DYNAMIC_NO_PIC = NO;
				GCC_NO_COMMON_BLOCKS = YES;
				GCC_OPTIMIZATION_LEVEL = 0;
				GCC_PREPROCESSOR_DEFINITIONS = (
					"DEBUG=1",
					"$(inherited)",
				);
				GCC_WARN_64_TO_32_BIT_CONVERSION = YES;
				GCC_WARN_ABOUT_RETURN_TYPE = YES_ERROR;
				GCC_WARN_UNDECLARED_SELECTOR = YES;
				GCC_WARN_UNINITIALIZED_AUTOS = YES_AGGRESSIVE;
				GCC_WARN_UNUSED_FUNCTION = YES;
				GCC_WARN_UNUSED_VARIABLE = YES;
				IPHONEOS_DEPLOYMENT_TARGET = 11.3;
				MTL_ENABLE_DEBUG_INFO = YES;
				ONLY_ACTIVE_ARCH = YES;
				SDKROOT = iphoneos;
				SWIFT_ACTIVE_COMPILATION_CONDITIONS = DEBUG;
				SWIFT_OPTIMIZATION_LEVEL = "-Onone";
			};
			name = Debug;
		};
		701367DE2031A14100B0CFFF /* Release */ = {
			isa = XCBuildConfiguration;
			buildSettings = {
				ALWAYS_SEARCH_USER_PATHS = NO;
				CLANG_ANALYZER_NONNULL = YES;
				CLANG_ANALYZER_NUMBER_OBJECT_CONVERSION = YES_AGGRESSIVE;
				CLANG_CXX_LANGUAGE_STANDARD = "gnu++14";
				CLANG_CXX_LIBRARY = "libc++";
				CLANG_ENABLE_MODULES = YES;
				CLANG_ENABLE_OBJC_ARC = YES;
				CLANG_ENABLE_OBJC_WEAK = YES;
				CLANG_WARN_BLOCK_CAPTURE_AUTORELEASING = YES;
				CLANG_WARN_BOOL_CONVERSION = YES;
				CLANG_WARN_COMMA = YES;
				CLANG_WARN_CONSTANT_CONVERSION = YES;
				CLANG_WARN_DEPRECATED_OBJC_IMPLEMENTATIONS = YES;
				CLANG_WARN_DIRECT_OBJC_ISA_USAGE = YES_ERROR;
				CLANG_WARN_DOCUMENTATION_COMMENTS = YES;
				CLANG_WARN_EMPTY_BODY = YES;
				CLANG_WARN_ENUM_CONVERSION = YES;
				CLANG_WARN_INFINITE_RECURSION = YES;
				CLANG_WARN_INT_CONVERSION = YES;
				CLANG_WARN_NON_LITERAL_NULL_CONVERSION = YES;
				CLANG_WARN_OBJC_IMPLICIT_RETAIN_SELF = YES;
				CLANG_WARN_OBJC_LITERAL_CONVERSION = YES;
				CLANG_WARN_OBJC_ROOT_CLASS = YES_ERROR;
				CLANG_WARN_RANGE_LOOP_ANALYSIS = YES;
				CLANG_WARN_STRICT_PROTOTYPES = YES;
				CLANG_WARN_SUSPICIOUS_MOVE = YES;
				CLANG_WARN_UNGUARDED_AVAILABILITY = YES_AGGRESSIVE;
				CLANG_WARN_UNREACHABLE_CODE = YES;
				CLANG_WARN__DUPLICATE_METHOD_MATCH = YES;
				CODE_SIGN_IDENTITY = "iPhone Developer";
				COPY_PHASE_STRIP = NO;
				DEBUG_INFORMATION_FORMAT = "dwarf-with-dsym";
				ENABLE_NS_ASSERTIONS = NO;
				ENABLE_STRICT_OBJC_MSGSEND = YES;
				GCC_C_LANGUAGE_STANDARD = gnu11;
				GCC_NO_COMMON_BLOCKS = YES;
				GCC_WARN_64_TO_32_BIT_CONVERSION = YES;
				GCC_WARN_ABOUT_RETURN_TYPE = YES_ERROR;
				GCC_WARN_UNDECLARED_SELECTOR = YES;
				GCC_WARN_UNINITIALIZED_AUTOS = YES_AGGRESSIVE;
				GCC_WARN_UNUSED_FUNCTION = YES;
				GCC_WARN_UNUSED_VARIABLE = YES;
				IPHONEOS_DEPLOYMENT_TARGET = 11.3;
				MTL_ENABLE_DEBUG_INFO = NO;
				SDKROOT = iphoneos;
				SWIFT_COMPILATION_MODE = wholemodule;
				SWIFT_OPTIMIZATION_LEVEL = "-Owholemodule";
				VALIDATE_PRODUCT = YES;
			};
			name = Release;
		};
		701367E02031A14100B0CFFF /* Debug */ = {
			isa = XCBuildConfiguration;
			baseConfigurationReference = BF5D7F4D0BC9D5AF065B333B /* Pods-MVPSample.debug.xcconfig */;
			buildSettings = {
				ASSETCATALOG_COMPILER_APPICON_NAME = AppIcon;
				CODE_SIGN_IDENTITY = "iPhone Developer";
				CODE_SIGN_STYLE = Manual;
				DEVELOPMENT_TEAM = P437HSA6PY;
				INFOPLIST_FILE = MVPSample/Info.plist;
				IPHONEOS_DEPLOYMENT_TARGET = 11.3;
				LD_RUNPATH_SEARCH_PATHS = (
					"$(inherited)",
					"@executable_path/Frameworks",
				);
				PRODUCT_BUNDLE_IDENTIFIER = edu.self.MVPSample;
				PRODUCT_NAME = "$(TARGET_NAME)";
				PROVISIONING_PROFILE = "b16cf7e5-6965-4292-9fae-d5d163f6e898";
				PROVISIONING_PROFILE_SPECIFIER = Development;
				SWIFT_VERSION = 4.0;
				TARGETED_DEVICE_FAMILY = "1,2";
			};
			name = Debug;
		};
		701367E12031A14100B0CFFF /* Release */ = {
			isa = XCBuildConfiguration;
			baseConfigurationReference = E7DBE106B9DB60A7E7154107 /* Pods-MVPSample.release.xcconfig */;
			buildSettings = {
				ASSETCATALOG_COMPILER_APPICON_NAME = AppIcon;
				CODE_SIGN_IDENTITY = "iPhone Distribution";
				CODE_SIGN_STYLE = Manual;
				DEVELOPMENT_TEAM = P437HSA6PY;
				INFOPLIST_FILE = MVPSample/Info.plist;
				IPHONEOS_DEPLOYMENT_TARGET = 11.3;
				LD_RUNPATH_SEARCH_PATHS = (
					"$(inherited)",
					"@executable_path/Frameworks",
				);
				PRODUCT_BUNDLE_IDENTIFIER = edu.self.MVPSample;
				PRODUCT_NAME = "$(TARGET_NAME)";
				PROVISIONING_PROFILE = "5ebe6fae-c9ac-4bbf-aab8-739a818d79af";
				PROVISIONING_PROFILE_SPECIFIER = distribution2;
				SWIFT_VERSION = 4.0;
				TARGETED_DEVICE_FAMILY = "1,2";
			};
			name = Release;
		};
		701367E32031A14100B0CFFF /* Debug */ = {
			isa = XCBuildConfiguration;
			baseConfigurationReference = 3AE815C81F662220CBF89F92 /* Pods-MVPSampleTests.debug.xcconfig */;
			buildSettings = {
				ALWAYS_EMBED_SWIFT_STANDARD_LIBRARIES = YES;
				BUNDLE_LOADER = "$(TEST_HOST)";
				CODE_SIGN_STYLE = Automatic;
				DEVELOPMENT_TEAM = P437HSA6PY;
				INFOPLIST_FILE = MVPSampleTests/Info.plist;
				LD_RUNPATH_SEARCH_PATHS = (
					"$(inherited)",
					"@executable_path/Frameworks",
					"@loader_path/Frameworks",
				);
				PRODUCT_BUNDLE_IDENTIFIER = edu.self.MVPSampleTests;
				PRODUCT_NAME = "$(TARGET_NAME)";
				SWIFT_VERSION = 4.0;
				TARGETED_DEVICE_FAMILY = "1,2";
				TEST_HOST = "$(BUILT_PRODUCTS_DIR)/MVPSample.app/MVPSample";
			};
			name = Debug;
		};
		701367E42031A14100B0CFFF /* Release */ = {
			isa = XCBuildConfiguration;
			baseConfigurationReference = 0AA3C56150DA4D9D202D4C3F /* Pods-MVPSampleTests.release.xcconfig */;
			buildSettings = {
				ALWAYS_EMBED_SWIFT_STANDARD_LIBRARIES = YES;
				BUNDLE_LOADER = "$(TEST_HOST)";
				CODE_SIGN_STYLE = Automatic;
				DEVELOPMENT_TEAM = P437HSA6PY;
				INFOPLIST_FILE = MVPSampleTests/Info.plist;
				LD_RUNPATH_SEARCH_PATHS = (
					"$(inherited)",
					"@executable_path/Frameworks",
					"@loader_path/Frameworks",
				);
				PRODUCT_BUNDLE_IDENTIFIER = edu.self.MVPSampleTests;
				PRODUCT_NAME = "$(TARGET_NAME)";
				SWIFT_VERSION = 4.0;
				TARGETED_DEVICE_FAMILY = "1,2";
				TEST_HOST = "$(BUILT_PRODUCTS_DIR)/MVPSample.app/MVPSample";
			};
			name = Release;
		};
		701367E62031A14100B0CFFF /* Debug */ = {
			isa = XCBuildConfiguration;
			baseConfigurationReference = 4D112122E8542FE09F3EA454 /* Pods-MVPSampleUITests.debug.xcconfig */;
			buildSettings = {
				ALWAYS_EMBED_SWIFT_STANDARD_LIBRARIES = YES;
				CODE_SIGN_STYLE = Automatic;
				INFOPLIST_FILE = MVPSampleUITests/Info.plist;
				LD_RUNPATH_SEARCH_PATHS = (
					"$(inherited)",
					"@executable_path/Frameworks",
					"@loader_path/Frameworks",
				);
				PRODUCT_BUNDLE_IDENTIFIER = edu.self.MVPSampleUITests;
				PRODUCT_NAME = "$(TARGET_NAME)";
				SWIFT_VERSION = 4.0;
				TARGETED_DEVICE_FAMILY = "1,2";
				TEST_TARGET_NAME = MVPSample;
			};
			name = Debug;
		};
		701367E72031A14100B0CFFF /* Release */ = {
			isa = XCBuildConfiguration;
			baseConfigurationReference = 7642EB0A2C430918D680740F /* Pods-MVPSampleUITests.release.xcconfig */;
			buildSettings = {
				ALWAYS_EMBED_SWIFT_STANDARD_LIBRARIES = YES;
				CODE_SIGN_STYLE = Automatic;
				INFOPLIST_FILE = MVPSampleUITests/Info.plist;
				LD_RUNPATH_SEARCH_PATHS = (
					"$(inherited)",
					"@executable_path/Frameworks",
					"@loader_path/Frameworks",
				);
				PRODUCT_BUNDLE_IDENTIFIER = edu.self.MVPSampleUITests;
				PRODUCT_NAME = "$(TARGET_NAME)";
				SWIFT_VERSION = 4.0;
				TARGETED_DEVICE_FAMILY = "1,2";
				TEST_TARGET_NAME = MVPSample;
			};
			name = Release;
		};
/* End XCBuildConfiguration section */

/* Begin XCConfigurationList section */
		701367B22031A13500B0CFFF /* Build configuration list for PBXProject "MVPSample" */ = {
			isa = XCConfigurationList;
			buildConfigurations = (
				701367DD2031A14100B0CFFF /* Debug */,
				701367DE2031A14100B0CFFF /* Release */,
			);
			defaultConfigurationIsVisible = 0;
			defaultConfigurationName = Release;
		};
		701367DF2031A14100B0CFFF /* Build configuration list for PBXNativeTarget "MVPSample" */ = {
			isa = XCConfigurationList;
			buildConfigurations = (
				701367E02031A14100B0CFFF /* Debug */,
				701367E12031A14100B0CFFF /* Release */,
			);
			defaultConfigurationIsVisible = 0;
			defaultConfigurationName = Release;
		};
		701367E22031A14100B0CFFF /* Build configuration list for PBXNativeTarget "MVPSampleTests" */ = {
			isa = XCConfigurationList;
			buildConfigurations = (
				701367E32031A14100B0CFFF /* Debug */,
				701367E42031A14100B0CFFF /* Release */,
			);
			defaultConfigurationIsVisible = 0;
			defaultConfigurationName = Release;
		};
		701367E52031A14100B0CFFF /* Build configuration list for PBXNativeTarget "MVPSampleUITests" */ = {
			isa = XCConfigurationList;
			buildConfigurations = (
				701367E62031A14100B0CFFF /* Debug */,
				701367E72031A14100B0CFFF /* Release */,
			);
			defaultConfigurationIsVisible = 0;
			defaultConfigurationName = Release;
		};
/* End XCConfigurationList section */
	};
	rootObject = 701367AF2031A13500B0CFFF /* Project object */;
}
